{
  "name": "@feecting/muddeva",
  "version": "0.0.7",
  "lockfileVersion": 2,
  "requires": true,
  "packages": {
    "": {
      "name": "@feecting/muddeva",
      "version": "0.0.7",
      "license": "MIT",
      "dependencies": {
        "@feecting/deva": "^1.0.25"
      }
    },
    "node_modules/@feecting/deva": {
      "version": "1.0.26",
      "resolved": "https://registry.npmjs.org/@feecting/deva/-/deva-1.0.26.tgz",
      "integrity": "sha512-Izz8HzeZm/Mmzz6gwcYAHY9BDJ2jkuUJmb0QCvaGjgftK1dZqj8zl0Zg5dwXFrpkDpVTafdfsdBe3mtRR+yQIA==",
      "engines": {
        "node": ">=10.0.0",
        "npm": ">=6.0.0"
      }
    }
  },
  "dependencies": {
    "@feecting/deva": {
      "version": "1.0.26",
      "resolved": "https://registry.npmjs.org/@feecting/deva/-/deva-1.0.26.tgz",
      "integrity": "sha512-Izz8HzeZm/Mmzz6gwcYAHY9BDJ2jkuUJmb0QCvaGjgftK1dZqj8zl0Zg5dwXFrpkDpVTafdfsdBe3mtRR+yQIA=="
    }
  }
}
